// !$*UTF8*$!
{
	archiveVersion = 1;
	classes = {
	};
	objectVersion = 50;
	objects = {

/* Begin PBXBuildFile section */
		1502F4D72499C27300DCFCFF /* ResultsComments.swift in Sources */ = {isa = PBXBuildFile; fileRef = 1502F4D62499C27300DCFCFF /* ResultsComments.swift */; };
		1502F4FB249B8E1000DCFCFF /* SearchTableViewController.swift in Sources */ = {isa = PBXBuildFile; fileRef = 1502F4FA249B8E1000DCFCFF /* SearchTableViewController.swift */; };
		1502F4FD249BB84400DCFCFF /* StatisticsTableViewController.swift in Sources */ = {isa = PBXBuildFile; fileRef = 1502F4FC249BB84400DCFCFF /* StatisticsTableViewController.swift */; };
		1502F4FF249BB89E00DCFCFF /* StatisticsTableViewCell.swift in Sources */ = {isa = PBXBuildFile; fileRef = 1502F4FE249BB89E00DCFCFF /* StatisticsTableViewCell.swift */; };
		1502F502249BD57C00DCFCFF /* CornerRadius.swift in Sources */ = {isa = PBXBuildFile; fileRef = 1502F501249BD57C00DCFCFF /* CornerRadius.swift */; };
		1502F505249BF66900DCFCFF /* AlertStoryboard.storyboard in Resources */ = {isa = PBXBuildFile; fileRef = 1502F504249BF66900DCFCFF /* AlertStoryboard.storyboard */; };
		1502F508249BF6A900DCFCFF /* AlertViewController.swift in Sources */ = {isa = PBXBuildFile; fileRef = 1502F507249BF6A900DCFCFF /* AlertViewController.swift */; };
		1502F50A249BFC9D00DCFCFF /* AlertService.swift in Sources */ = {isa = PBXBuildFile; fileRef = 1502F509249BFC9D00DCFCFF /* AlertService.swift */; };
		1502F50C249C18C400DCFCFF /* HideKeyboardWhenTappedAround.swift in Sources */ = {isa = PBXBuildFile; fileRef = 1502F50B249C18C400DCFCFF /* HideKeyboardWhenTappedAround.swift */; };
		15191AC92498AE3D0007B547 /* ExercisesCountGradation.swift in Sources */ = {isa = PBXBuildFile; fileRef = 15191AC82498AE3D0007B547 /* ExercisesCountGradation.swift */; };
		15415473249F252B000438B7 /* Hiragana.xcassets in Resources */ = {isa = PBXBuildFile; fileRef = 15415472249F252B000438B7 /* Hiragana.xcassets */; };
		15415475249F2AB9000438B7 /* UIImage+Alpha.swift in Sources */ = {isa = PBXBuildFile; fileRef = 15415474249F2AB9000438B7 /* UIImage+Alpha.swift */; };
		15415477249F2F1C000438B7 /* Katakana.xcassets in Resources */ = {isa = PBXBuildFile; fileRef = 15415476249F2F1C000438B7 /* Katakana.xcassets */; };
		15415479249F2F3C000438B7 /* SoundKana.xcassets in Resources */ = {isa = PBXBuildFile; fileRef = 15415478249F2F3C000438B7 /* SoundKana.xcassets */; };
		1541547B249F5FB9000438B7 /* SelectKanaViewController.swift in Sources */ = {isa = PBXBuildFile; fileRef = 1541547A249F5FB9000438B7 /* SelectKanaViewController.swift */; };
		1541547E249F6EF8000438B7 /* PostTableViewController.swift in Sources */ = {isa = PBXBuildFile; fileRef = 1541547D249F6EF8000438B7 /* PostTableViewController.swift */; };
		15415480249F6F1F000438B7 /* PostTableViewCell.swift in Sources */ = {isa = PBXBuildFile; fileRef = 1541547F249F6F1F000438B7 /* PostTableViewCell.swift */; };
		15415482249F6FC2000438B7 /* LocalText.swift in Sources */ = {isa = PBXBuildFile; fileRef = 15415481249F6FC2000438B7 /* LocalText.swift */; };
		15415484249F6FD0000438B7 /* LocalMedia.xcassets in Resources */ = {isa = PBXBuildFile; fileRef = 15415483249F6FD0000438B7 /* LocalMedia.xcassets */; };
		15415486249F7322000438B7 /* PostStruct.swift in Sources */ = {isa = PBXBuildFile; fileRef = 15415485249F7322000438B7 /* PostStruct.swift */; };
		1572DCED248E801700C9218A /* ViewControllerBarHeight.swift in Sources */ = {isa = PBXBuildFile; fileRef = 1572DCEC248E801700C9218A /* ViewControllerBarHeight.swift */; };
		1572DCEF248E9E0D00C9218A /* СomparisonTask.swift in Sources */ = {isa = PBXBuildFile; fileRef = 1572DCEE248E9E0D00C9218A /* СomparisonTask.swift */; };
		1572DCF1248ED6BE00C9218A /* HandwritingView.swift in Sources */ = {isa = PBXBuildFile; fileRef = 1572DCF0248ED6BE00C9218A /* HandwritingView.swift */; };
		1572DCF5248ED7A200C9218A /* DrawableView.swift in Sources */ = {isa = PBXBuildFile; fileRef = 1572DCF4248ED7A200C9218A /* DrawableView.swift */; };
		15BBCB91248C9969005AF0DA /* AppDelegate.swift in Sources */ = {isa = PBXBuildFile; fileRef = 15BBCB90248C9969005AF0DA /* AppDelegate.swift */; };
		15BBCB98248C9969005AF0DA /* Main.storyboard in Resources */ = {isa = PBXBuildFile; fileRef = 15BBCB96248C9969005AF0DA /* Main.storyboard */; };
		15BBCB9B248C9969005AF0DA /* jXnet.xcdatamodeld in Sources */ = {isa = PBXBuildFile; fileRef = 15BBCB99248C9969005AF0DA /* jXnet.xcdatamodeld */; };
		15BBCBA0248C996A005AF0DA /* LaunchScreen.storyboard in Resources */ = {isa = PBXBuildFile; fileRef = 15BBCB9E248C996A005AF0DA /* LaunchScreen.storyboard */; };
		15BBCBA9248C9E34005AF0DA /* SelectLessonTableViewController.swift in Sources */ = {isa = PBXBuildFile; fileRef = 15BBCBA8248C9E34005AF0DA /* SelectLessonTableViewController.swift */; };
		15BBCBAE248C9E96005AF0DA /* MainViewController.swift in Sources */ = {isa = PBXBuildFile; fileRef = 15BBCBAD248C9E96005AF0DA /* MainViewController.swift */; };
		15BBCBB3248C9EDD005AF0DA /* BigLabel.swift in Sources */ = {isa = PBXBuildFile; fileRef = 15BBCBB2248C9EDD005AF0DA /* BigLabel.swift */; };
		15BBCBB5248C9F12005AF0DA /* BigShadowButton.swift in Sources */ = {isa = PBXBuildFile; fileRef = 15BBCBB4248C9F12005AF0DA /* BigShadowButton.swift */; };
		15BBCBB8248C9F40005AF0DA /* HexColor.swift in Sources */ = {isa = PBXBuildFile; fileRef = 15BBCBB7248C9F40005AF0DA /* HexColor.swift */; };
		15BBCBBA248C9F5A005AF0DA /* RoundButton.swift in Sources */ = {isa = PBXBuildFile; fileRef = 15BBCBB9248C9F5A005AF0DA /* RoundButton.swift */; };
		15BBCBBD248CBD07005AF0DA /* SelectLessonTableViewCell.swift in Sources */ = {isa = PBXBuildFile; fileRef = 15BBCBBC248CBD07005AF0DA /* SelectLessonTableViewCell.swift */; };
		15BBCBBF248CCEBE005AF0DA /* Media.xcassets in Resources */ = {isa = PBXBuildFile; fileRef = 15BBCBBE248CCEBE005AF0DA /* Media.xcassets */; };
		15BBCBC1248D158B005AF0DA /* LessonTableViewController.swift in Sources */ = {isa = PBXBuildFile; fileRef = 15BBCBC0248D158B005AF0DA /* LessonTableViewController.swift */; };
		15BBCBC6248DA5FC005AF0DA /* PreloadedData.plist in Resources */ = {isa = PBXBuildFile; fileRef = 15BBCBC5248DA5FC005AF0DA /* PreloadedData.plist */; };
		15BBCBCA248DA8AF005AF0DA /* ExercisesViewController.swift in Sources */ = {isa = PBXBuildFile; fileRef = 15BBCBC9248DA8AF005AF0DA /* ExercisesViewController.swift */; };
		15BBCBCC248DA8E4005AF0DA /* TestTableViewController.swift in Sources */ = {isa = PBXBuildFile; fileRef = 15BBCBCB248DA8E4005AF0DA /* TestTableViewController.swift */; };
		15BBCBCF248DC8B7005AF0DA /* ChooseCorrectAnswer.swift in Sources */ = {isa = PBXBuildFile; fileRef = 15BBCBCE248DC8B7005AF0DA /* ChooseCorrectAnswer.swift */; };
		15BBCBD1248DCF01005AF0DA /* Structures.swift in Sources */ = {isa = PBXBuildFile; fileRef = 15BBCBD0248DCF01005AF0DA /* Structures.swift */; };
		15BBCBD3248DD645005AF0DA /* Gradation.swift in Sources */ = {isa = PBXBuildFile; fileRef = 15BBCBD2248DD645005AF0DA /* Gradation.swift */; };
		15BBCBE0248E0DEB005AF0DA /* ShowKana.swift in Sources */ = {isa = PBXBuildFile; fileRef = 15BBCBDF248E0DEB005AF0DA /* ShowKana.swift */; };
/* End PBXBuildFile section */

/* Begin PBXFileReference section */
		1502F4D62499C27300DCFCFF /* ResultsComments.swift */ = {isa = PBXFileReference; lastKnownFileType = sourcecode.swift; path = ResultsComments.swift; sourceTree = "<group>"; };
		1502F4FA249B8E1000DCFCFF /* SearchTableViewController.swift */ = {isa = PBXFileReference; lastKnownFileType = sourcecode.swift; path = SearchTableViewController.swift; sourceTree = "<group>"; };
		1502F4FC249BB84400DCFCFF /* StatisticsTableViewController.swift */ = {isa = PBXFileReference; lastKnownFileType = sourcecode.swift; path = StatisticsTableViewController.swift; sourceTree = "<group>"; };
		1502F4FE249BB89E00DCFCFF /* StatisticsTableViewCell.swift */ = {isa = PBXFileReference; lastKnownFileType = sourcecode.swift; path = StatisticsTableViewCell.swift; sourceTree = "<group>"; };
		1502F501249BD57C00DCFCFF /* CornerRadius.swift */ = {isa = PBXFileReference; lastKnownFileType = sourcecode.swift; path = CornerRadius.swift; sourceTree = "<group>"; };
		1502F504249BF66900DCFCFF /* AlertStoryboard.storyboard */ = {isa = PBXFileReference; lastKnownFileType = file.storyboard; path = AlertStoryboard.storyboard; sourceTree = "<group>"; };
		1502F507249BF6A900DCFCFF /* AlertViewController.swift */ = {isa = PBXFileReference; lastKnownFileType = sourcecode.swift; path = AlertViewController.swift; sourceTree = "<group>"; };
		1502F509249BFC9D00DCFCFF /* AlertService.swift */ = {isa = PBXFileReference; lastKnownFileType = sourcecode.swift; path = AlertService.swift; sourceTree = "<group>"; };
		1502F50B249C18C400DCFCFF /* HideKeyboardWhenTappedAround.swift */ = {isa = PBXFileReference; lastKnownFileType = sourcecode.swift; path = HideKeyboardWhenTappedAround.swift; sourceTree = "<group>"; };
		15191AC82498AE3D0007B547 /* ExercisesCountGradation.swift */ = {isa = PBXFileReference; lastKnownFileType = sourcecode.swift; path = ExercisesCountGradation.swift; sourceTree = "<group>"; };
		15415472249F252B000438B7 /* Hiragana.xcassets */ = {isa = PBXFileReference; lastKnownFileType = folder.assetcatalog; path = Hiragana.xcassets; sourceTree = "<group>"; };
		15415474249F2AB9000438B7 /* UIImage+Alpha.swift */ = {isa = PBXFileReference; lastKnownFileType = sourcecode.swift; path = "UIImage+Alpha.swift"; sourceTree = "<group>"; };
		15415476249F2F1C000438B7 /* Katakana.xcassets */ = {isa = PBXFileReference; lastKnownFileType = folder.assetcatalog; path = Katakana.xcassets; sourceTree = "<group>"; };
		15415478249F2F3C000438B7 /* SoundKana.xcassets */ = {isa = PBXFileReference; lastKnownFileType = folder.assetcatalog; path = SoundKana.xcassets; sourceTree = "<group>"; };
		1541547A249F5FB9000438B7 /* SelectKanaViewController.swift */ = {isa = PBXFileReference; lastKnownFileType = sourcecode.swift; path = SelectKanaViewController.swift; sourceTree = "<group>"; };
		1541547D249F6EF8000438B7 /* PostTableViewController.swift */ = {isa = PBXFileReference; lastKnownFileType = sourcecode.swift; path = PostTableViewController.swift; sourceTree = "<group>"; };
		1541547F249F6F1F000438B7 /* PostTableViewCell.swift */ = {isa = PBXFileReference; lastKnownFileType = sourcecode.swift; path = PostTableViewCell.swift; sourceTree = "<group>"; };
		15415481249F6FC2000438B7 /* LocalText.swift */ = {isa = PBXFileReference; lastKnownFileType = sourcecode.swift; path = LocalText.swift; sourceTree = "<group>"; };
		15415483249F6FD0000438B7 /* LocalMedia.xcassets */ = {isa = PBXFileReference; lastKnownFileType = folder.assetcatalog; path = LocalMedia.xcassets; sourceTree = "<group>"; };
		15415485249F7322000438B7 /* PostStruct.swift */ = {isa = PBXFileReference; lastKnownFileType = sourcecode.swift; path = PostStruct.swift; sourceTree = "<group>"; };
		1572DCEC248E801700C9218A /* ViewControllerBarHeight.swift */ = {isa = PBXFileReference; lastKnownFileType = sourcecode.swift; path = ViewControllerBarHeight.swift; sourceTree = "<group>"; };
		1572DCEE248E9E0D00C9218A /* СomparisonTask.swift */ = {isa = PBXFileReference; lastKnownFileType = sourcecode.swift; path = "СomparisonTask.swift"; sourceTree = "<group>"; };
		1572DCF0248ED6BE00C9218A /* HandwritingView.swift */ = {isa = PBXFileReference; lastKnownFileType = sourcecode.swift; path = HandwritingView.swift; sourceTree = "<group>"; };
		1572DCF4248ED7A200C9218A /* DrawableView.swift */ = {isa = PBXFileReference; lastKnownFileType = sourcecode.swift; path = DrawableView.swift; sourceTree = "<group>"; };
		15BBCB8D248C9969005AF0DA /* jXnet.app */ = {isa = PBXFileReference; explicitFileType = wrapper.application; includeInIndex = 0; path = jXnet.app; sourceTree = BUILT_PRODUCTS_DIR; };
		15BBCB90248C9969005AF0DA /* AppDelegate.swift */ = {isa = PBXFileReference; lastKnownFileType = sourcecode.swift; path = AppDelegate.swift; sourceTree = "<group>"; };
		15BBCB97248C9969005AF0DA /* Base */ = {isa = PBXFileReference; lastKnownFileType = file.storyboard; name = Base; path = Base.lproj/Main.storyboard; sourceTree = "<group>"; };
		15BBCB9A248C9969005AF0DA /* jXnet.xcdatamodel */ = {isa = PBXFileReference; lastKnownFileType = wrapper.xcdatamodel; path = jXnet.xcdatamodel; sourceTree = "<group>"; };
		15BBCB9F248C996A005AF0DA /* Base */ = {isa = PBXFileReference; lastKnownFileType = file.storyboard; name = Base; path = Base.lproj/LaunchScreen.storyboard; sourceTree = "<group>"; };
		15BBCBA1248C996A005AF0DA /* Info.plist */ = {isa = PBXFileReference; lastKnownFileType = text.plist.xml; path = Info.plist; sourceTree = "<group>"; };
		15BBCBA8248C9E34005AF0DA /* SelectLessonTableViewController.swift */ = {isa = PBXFileReference; lastKnownFileType = sourcecode.swift; path = SelectLessonTableViewController.swift; sourceTree = "<group>"; };
		15BBCBAD248C9E96005AF0DA /* MainViewController.swift */ = {isa = PBXFileReference; lastKnownFileType = sourcecode.swift; path = MainViewController.swift; sourceTree = "<group>"; };
		15BBCBB2248C9EDD005AF0DA /* BigLabel.swift */ = {isa = PBXFileReference; lastKnownFileType = sourcecode.swift; path = BigLabel.swift; sourceTree = "<group>"; };
		15BBCBB4248C9F12005AF0DA /* BigShadowButton.swift */ = {isa = PBXFileReference; lastKnownFileType = sourcecode.swift; path = BigShadowButton.swift; sourceTree = "<group>"; };
		15BBCBB7248C9F40005AF0DA /* HexColor.swift */ = {isa = PBXFileReference; lastKnownFileType = sourcecode.swift; path = HexColor.swift; sourceTree = "<group>"; };
		15BBCBB9248C9F5A005AF0DA /* RoundButton.swift */ = {isa = PBXFileReference; lastKnownFileType = sourcecode.swift; path = RoundButton.swift; sourceTree = "<group>"; };
		15BBCBBC248CBD07005AF0DA /* SelectLessonTableViewCell.swift */ = {isa = PBXFileReference; lastKnownFileType = sourcecode.swift; path = SelectLessonTableViewCell.swift; sourceTree = "<group>"; };
		15BBCBBE248CCEBE005AF0DA /* Media.xcassets */ = {isa = PBXFileReference; lastKnownFileType = folder.assetcatalog; path = Media.xcassets; sourceTree = "<group>"; };
		15BBCBC0248D158B005AF0DA /* LessonTableViewController.swift */ = {isa = PBXFileReference; lastKnownFileType = sourcecode.swift; path = LessonTableViewController.swift; sourceTree = "<group>"; };
		15BBCBC5248DA5FC005AF0DA /* PreloadedData.plist */ = {isa = PBXFileReference; lastKnownFileType = text.plist.xml; path = PreloadedData.plist; sourceTree = "<group>"; };
		15BBCBC9248DA8AF005AF0DA /* ExercisesViewController.swift */ = {isa = PBXFileReference; lastKnownFileType = sourcecode.swift; path = ExercisesViewController.swift; sourceTree = "<group>"; };
		15BBCBCB248DA8E4005AF0DA /* TestTableViewController.swift */ = {isa = PBXFileReference; lastKnownFileType = sourcecode.swift; path = TestTableViewController.swift; sourceTree = "<group>"; };
		15BBCBCE248DC8B7005AF0DA /* ChooseCorrectAnswer.swift */ = {isa = PBXFileReference; lastKnownFileType = sourcecode.swift; path = ChooseCorrectAnswer.swift; sourceTree = "<group>"; };
		15BBCBD0248DCF01005AF0DA /* Structures.swift */ = {isa = PBXFileReference; lastKnownFileType = sourcecode.swift; path = Structures.swift; sourceTree = "<group>"; };
		15BBCBD2248DD645005AF0DA /* Gradation.swift */ = {isa = PBXFileReference; lastKnownFileType = sourcecode.swift; path = Gradation.swift; sourceTree = "<group>"; };
		15BBCBDF248E0DEB005AF0DA /* ShowKana.swift */ = {isa = PBXFileReference; lastKnownFileType = sourcecode.swift; path = ShowKana.swift; sourceTree = "<group>"; };
/* End PBXFileReference section */

/* Begin PBXFrameworksBuildPhase section */
		15BBCB8A248C9969005AF0DA /* Frameworks */ = {
			isa = PBXFrameworksBuildPhase;
			buildActionMask = 2147483647;
			files = (
			);
			runOnlyForDeploymentPostprocessing = 0;
		};
/* End PBXFrameworksBuildPhase section */

/* Begin PBXGroup section */
		1502F506249BF68B00DCFCFF /* CustomAlert */ = {
			isa = PBXGroup;
			children = (
				1502F504249BF66900DCFCFF /* AlertStoryboard.storyboard */,
				1502F507249BF6A900DCFCFF /* AlertViewController.swift */,
				1502F509249BFC9D00DCFCFF /* AlertService.swift */,
			);
			path = CustomAlert;
			sourceTree = "<group>";
		};
		1541547C249F6ED2000438B7 /* Posts */ = {
			isa = PBXGroup;
			children = (
				1541547D249F6EF8000438B7 /* PostTableViewController.swift */,
				1541547F249F6F1F000438B7 /* PostTableViewCell.swift */,
				15415481249F6FC2000438B7 /* LocalText.swift */,
				15415483249F6FD0000438B7 /* LocalMedia.xcassets */,
				15415485249F7322000438B7 /* PostStruct.swift */,
			);
			path = Posts;
			sourceTree = "<group>";
		};
		1572DCF3248ED79300C9218A /* View */ = {
			isa = PBXGroup;
			children = (
				1572DCF4248ED7A200C9218A /* DrawableView.swift */,
			);
			path = View;
			sourceTree = "<group>";
		};
		15BBCB84248C9969005AF0DA = {
			isa = PBXGroup;
			children = (
				15BBCB8F248C9969005AF0DA /* jXnet */,
				15BBCB8E248C9969005AF0DA /* Products */,
			);
			sourceTree = "<group>";
		};
		15BBCB8E248C9969005AF0DA /* Products */ = {
			isa = PBXGroup;
			children = (
				15BBCB8D248C9969005AF0DA /* jXnet.app */,
			);
			name = Products;
			sourceTree = "<group>";
		};
		15BBCB8F248C9969005AF0DA /* jXnet */ = {
			isa = PBXGroup;
			children = (
				1541547C249F6ED2000438B7 /* Posts */,
				1502F506249BF68B00DCFCFF /* CustomAlert */,
				15BBCBC4248DA5D7005AF0DA /* Data */,
				15BBCBB6248C9F2A005AF0DA /* SupprotingFiles */,
				15BBCBAF248C9EA0005AF0DA /* UIElementsCustom */,
				15BBCBAC248C9E7E005AF0DA /* RootControllers */,
				15BBCBA7248C9E01005AF0DA /* KanaBranch */,
				15BBCB90248C9969005AF0DA /* AppDelegate.swift */,
				15BBCB96248C9969005AF0DA /* Main.storyboard */,
				15BBCB9E248C996A005AF0DA /* LaunchScreen.storyboard */,
				15BBCBA1248C996A005AF0DA /* Info.plist */,
			);
			path = jXnet;
			sourceTree = "<group>";
		};
		15BBCBA7248C9E01005AF0DA /* KanaBranch */ = {
			isa = PBXGroup;
			children = (
				1541547A249F5FB9000438B7 /* SelectKanaViewController.swift */,
				15BBCBA8248C9E34005AF0DA /* SelectLessonTableViewController.swift */,
				15BBCBBC248CBD07005AF0DA /* SelectLessonTableViewCell.swift */,
				15BBCBC0248D158B005AF0DA /* LessonTableViewController.swift */,
				15BBCBC9248DA8AF005AF0DA /* ExercisesViewController.swift */,
				15BBCBCB248DA8E4005AF0DA /* TestTableViewController.swift */,
				1502F4FC249BB84400DCFCFF /* StatisticsTableViewController.swift */,
				1502F4FE249BB89E00DCFCFF /* StatisticsTableViewCell.swift */,
			);
			path = KanaBranch;
			sourceTree = "<group>";
		};
		15BBCBAC248C9E7E005AF0DA /* RootControllers */ = {
			isa = PBXGroup;
			children = (
				15BBCBAD248C9E96005AF0DA /* MainViewController.swift */,
				1502F4FA249B8E1000DCFCFF /* SearchTableViewController.swift */,
			);
			path = RootControllers;
			sourceTree = "<group>";
		};
		15BBCBAF248C9EA0005AF0DA /* UIElementsCustom */ = {
			isa = PBXGroup;
			children = (
				1572DCF3248ED79300C9218A /* View */,
				15BBCBCD248DC890005AF0DA /* View with elements */,
				15BBCBB1248C9EBF005AF0DA /* Label */,
				15BBCBB0248C9EB3005AF0DA /* Button */,
			);
			path = UIElementsCustom;
			sourceTree = "<group>";
		};
		15BBCBB0248C9EB3005AF0DA /* Button */ = {
			isa = PBXGroup;
			children = (
				15BBCBB4248C9F12005AF0DA /* BigShadowButton.swift */,
				15BBCBB9248C9F5A005AF0DA /* RoundButton.swift */,
			);
			path = Button;
			sourceTree = "<group>";
		};
		15BBCBB1248C9EBF005AF0DA /* Label */ = {
			isa = PBXGroup;
			children = (
				15BBCBB2248C9EDD005AF0DA /* BigLabel.swift */,
			);
			path = Label;
			sourceTree = "<group>";
		};
		15BBCBB6248C9F2A005AF0DA /* SupprotingFiles */ = {
			isa = PBXGroup;
			children = (
				15BBCBB7248C9F40005AF0DA /* HexColor.swift */,
				15BBCBD0248DCF01005AF0DA /* Structures.swift */,
				15BBCBD2248DD645005AF0DA /* Gradation.swift */,
				1572DCEC248E801700C9218A /* ViewControllerBarHeight.swift */,
				15191AC82498AE3D0007B547 /* ExercisesCountGradation.swift */,
				1502F4D62499C27300DCFCFF /* ResultsComments.swift */,
				1502F501249BD57C00DCFCFF /* CornerRadius.swift */,
				1502F50B249C18C400DCFCFF /* HideKeyboardWhenTappedAround.swift */,
				15415474249F2AB9000438B7 /* UIImage+Alpha.swift */,
			);
			path = SupprotingFiles;
			sourceTree = "<group>";
		};
		15BBCBC4248DA5D7005AF0DA /* Data */ = {
			isa = PBXGroup;
			children = (
				15BBCBBE248CCEBE005AF0DA /* Media.xcassets */,
				15BBCB99248C9969005AF0DA /* jXnet.xcdatamodeld */,
				15BBCBC5248DA5FC005AF0DA /* PreloadedData.plist */,
				15415472249F252B000438B7 /* Hiragana.xcassets */,
				15415476249F2F1C000438B7 /* Katakana.xcassets */,
				15415478249F2F3C000438B7 /* SoundKana.xcassets */,
			);
			path = Data;
			sourceTree = "<group>";
		};
		15BBCBCD248DC890005AF0DA /* View with elements */ = {
			isa = PBXGroup;
			children = (
				15BBCBCE248DC8B7005AF0DA /* ChooseCorrectAnswer.swift */,
				15BBCBDF248E0DEB005AF0DA /* ShowKana.swift */,
				1572DCEE248E9E0D00C9218A /* СomparisonTask.swift */,
				1572DCF0248ED6BE00C9218A /* HandwritingView.swift */,
			);
			path = "View with elements";
			sourceTree = "<group>";
		};
/* End PBXGroup section */

/* Begin PBXNativeTarget section */
		15BBCB8C248C9969005AF0DA /* jXnet */ = {
			isa = PBXNativeTarget;
			buildConfigurationList = 15BBCBA4248C996A005AF0DA /* Build configuration list for PBXNativeTarget "jXnet" */;
			buildPhases = (
				15BBCB89248C9969005AF0DA /* Sources */,
				15BBCB8A248C9969005AF0DA /* Frameworks */,
				15BBCB8B248C9969005AF0DA /* Resources */,
			);
			buildRules = (
			);
			dependencies = (
			);
			name = jXnet;
			productName = jXnet;
			productReference = 15BBCB8D248C9969005AF0DA /* jXnet.app */;
			productType = "com.apple.product-type.application";
		};
/* End PBXNativeTarget section */

/* Begin PBXProject section */
		15BBCB85248C9969005AF0DA /* Project object */ = {
			isa = PBXProject;
			attributes = {
				LastSwiftUpdateCheck = 1150;
				LastUpgradeCheck = 1150;
				ORGANIZATIONNAME = "Vasiliev S.I.";
				TargetAttributes = {
					15BBCB8C248C9969005AF0DA = {
						CreatedOnToolsVersion = 11.5;
					};
				};
			};
			buildConfigurationList = 15BBCB88248C9969005AF0DA /* Build configuration list for PBXProject "jXnet" */;
			compatibilityVersion = "Xcode 9.3";
			developmentRegion = en;
			hasScannedForEncodings = 0;
			knownRegions = (
				en,
				Base,
			);
			mainGroup = 15BBCB84248C9969005AF0DA;
			productRefGroup = 15BBCB8E248C9969005AF0DA /* Products */;
			projectDirPath = "";
			projectRoot = "";
			targets = (
				15BBCB8C248C9969005AF0DA /* jXnet */,
			);
		};
/* End PBXProject section */

/* Begin PBXResourcesBuildPhase section */
		15BBCB8B248C9969005AF0DA /* Resources */ = {
			isa = PBXResourcesBuildPhase;
			buildActionMask = 2147483647;
			files = (
				15415484249F6FD0000438B7 /* LocalMedia.xcassets in Resources */,
				15415477249F2F1C000438B7 /* Katakana.xcassets in Resources */,
				15BBCBA0248C996A005AF0DA /* LaunchScreen.storyboard in Resources */,
				15415479249F2F3C000438B7 /* SoundKana.xcassets in Resources */,
				15BBCBBF248CCEBE005AF0DA /* Media.xcassets in Resources */,
				15BBCB98248C9969005AF0DA /* Main.storyboard in Resources */,
				15BBCBC6248DA5FC005AF0DA /* PreloadedData.plist in Resources */,
				15415473249F252B000438B7 /* Hiragana.xcassets in Resources */,
				1502F505249BF66900DCFCFF /* AlertStoryboard.storyboard in Resources */,
			);
			runOnlyForDeploymentPostprocessing = 0;
		};
/* End PBXResourcesBuildPhase section */

/* Begin PBXSourcesBuildPhase section */
		15BBCB89248C9969005AF0DA /* Sources */ = {
			isa = PBXSourcesBuildPhase;
			buildActionMask = 2147483647;
			files = (
				1502F4FF249BB89E00DCFCFF /* StatisticsTableViewCell.swift in Sources */,
				1502F4FD249BB84400DCFCFF /* StatisticsTableViewController.swift in Sources */,
				1572DCF5248ED7A200C9218A /* DrawableView.swift in Sources */,
				15BBCBBD248CBD07005AF0DA /* SelectLessonTableViewCell.swift in Sources */,
				1502F50A249BFC9D00DCFCFF /* AlertService.swift in Sources */,
				1541547E249F6EF8000438B7 /* PostTableViewController.swift in Sources */,
				1502F50C249C18C400DCFCFF /* HideKeyboardWhenTappedAround.swift in Sources */,
				15BBCBC1248D158B005AF0DA /* LessonTableViewController.swift in Sources */,
				1572DCED248E801700C9218A /* ViewControllerBarHeight.swift in Sources */,
				15BBCBCA248DA8AF005AF0DA /* ExercisesViewController.swift in Sources */,
				15191AC92498AE3D0007B547 /* ExercisesCountGradation.swift in Sources */,
				15415480249F6F1F000438B7 /* PostTableViewCell.swift in Sources */,
				15415482249F6FC2000438B7 /* LocalText.swift in Sources */,
				15415475249F2AB9000438B7 /* UIImage+Alpha.swift in Sources */,
				15BBCBD3248DD645005AF0DA /* Gradation.swift in Sources */,
				1502F4D72499C27300DCFCFF /* ResultsComments.swift in Sources */,
				15BBCBBA248C9F5A005AF0DA /* RoundButton.swift in Sources */,
				1572DCF1248ED6BE00C9218A /* HandwritingView.swift in Sources */,
				15BBCBB8248C9F40005AF0DA /* HexColor.swift in Sources */,
				1502F4FB249B8E1000DCFCFF /* SearchTableViewController.swift in Sources */,
				15BBCBB5248C9F12005AF0DA /* BigShadowButton.swift in Sources */,
				1502F508249BF6A900DCFCFF /* AlertViewController.swift in Sources */,
				15BBCB91248C9969005AF0DA /* AppDelegate.swift in Sources */,
				1541547B249F5FB9000438B7 /* SelectKanaViewController.swift in Sources */,
				15415486249F7322000438B7 /* PostStruct.swift in Sources */,
				15BBCBCF248DC8B7005AF0DA /* ChooseCorrectAnswer.swift in Sources */,
				15BBCBB3248C9EDD005AF0DA /* BigLabel.swift in Sources */,
				15BBCBCC248DA8E4005AF0DA /* TestTableViewController.swift in Sources */,
				15BBCBD1248DCF01005AF0DA /* Structures.swift in Sources */,
				15BBCB9B248C9969005AF0DA /* jXnet.xcdatamodeld in Sources */,
				1502F502249BD57C00DCFCFF /* CornerRadius.swift in Sources */,
				15BBCBA9248C9E34005AF0DA /* SelectLessonTableViewController.swift in Sources */,
				15BBCBAE248C9E96005AF0DA /* MainViewController.swift in Sources */,
				1572DCEF248E9E0D00C9218A /* СomparisonTask.swift in Sources */,
				15BBCBE0248E0DEB005AF0DA /* ShowKana.swift in Sources */,
			);
			runOnlyForDeploymentPostprocessing = 0;
		};
/* End PBXSourcesBuildPhase section */

/* Begin PBXVariantGroup section */
		15BBCB96248C9969005AF0DA /* Main.storyboard */ = {
			isa = PBXVariantGroup;
			children = (
				15BBCB97248C9969005AF0DA /* Base */,
			);
			name = Main.storyboard;
			sourceTree = "<group>";
		};
		15BBCB9E248C996A005AF0DA /* LaunchScreen.storyboard */ = {
			isa = PBXVariantGroup;
			children = (
				15BBCB9F248C996A005AF0DA /* Base */,
			);
			name = LaunchScreen.storyboard;
			sourceTree = "<group>";
		};
/* End PBXVariantGroup section */

/* Begin XCBuildConfiguration section */
		15BBCBA2248C996A005AF0DA /* Debug */ = {
			isa = XCBuildConfiguration;
			buildSettings = {
				ALWAYS_SEARCH_USER_PATHS = NO;
				CLANG_ANALYZER_NONNULL = YES;
				CLANG_ANALYZER_NUMBER_OBJECT_CONVERSION = YES_AGGRESSIVE;
				CLANG_CXX_LANGUAGE_STANDARD = "gnu++14";
				CLANG_CXX_LIBRARY = "libc++";
				CLANG_ENABLE_MODULES = YES;
				CLANG_ENABLE_OBJC_ARC = YES;
				CLANG_ENABLE_OBJC_WEAK = YES;
				CLANG_WARN_BLOCK_CAPTURE_AUTORELEASING = YES;
				CLANG_WARN_BOOL_CONVERSION = YES;
				CLANG_WARN_COMMA = YES;
				CLANG_WARN_CONSTANT_CONVERSION = YES;
				CLANG_WARN_DEPRECATED_OBJC_IMPLEMENTATIONS = YES;
				CLANG_WARN_DIRECT_OBJC_ISA_USAGE = YES_ERROR;
				CLANG_WARN_DOCUMENTATION_COMMENTS = YES;
				CLANG_WARN_EMPTY_BODY = YES;
				CLANG_WARN_ENUM_CONVERSION = YES;
				CLANG_WARN_INFINITE_RECURSION = YES;
				CLANG_WARN_INT_CONVERSION = YES;
				CLANG_WARN_NON_LITERAL_NULL_CONVERSION = YES;
				CLANG_WARN_OBJC_IMPLICIT_RETAIN_SELF = YES;
				CLANG_WARN_OBJC_LITERAL_CONVERSION = YES;
				CLANG_WARN_OBJC_ROOT_CLASS = YES_ERROR;
				CLANG_WARN_RANGE_LOOP_ANALYSIS = YES;
				CLANG_WARN_STRICT_PROTOTYPES = YES;
				CLANG_WARN_SUSPICIOUS_MOVE = YES;
				CLANG_WARN_UNGUARDED_AVAILABILITY = YES_AGGRESSIVE;
				CLANG_WARN_UNREACHABLE_CODE = YES;
				CLANG_WARN__DUPLICATE_METHOD_MATCH = YES;
				COPY_PHASE_STRIP = NO;
				DEBUG_INFORMATION_FORMAT = dwarf;
				ENABLE_STRICT_OBJC_MSGSEND = YES;
				ENABLE_TESTABILITY = YES;
				GCC_C_LANGUAGE_STANDARD = gnu11;
				GCC_DYNAMIC_NO_PIC = NO;
				GCC_NO_COMMON_BLOCKS = YES;
				GCC_OPTIMIZATION_LEVEL = 0;
				GCC_PREPROCESSOR_DEFINITIONS = (
					"DEBUG=1",
					"$(inherited)",
				);
				GCC_WARN_64_TO_32_BIT_CONVERSION = YES;
				GCC_WARN_ABOUT_RETURN_TYPE = YES_ERROR;
				GCC_WARN_UNDECLARED_SELECTOR = YES;
				GCC_WARN_UNINITIALIZED_AUTOS = YES_AGGRESSIVE;
				GCC_WARN_UNUSED_FUNCTION = YES;
				GCC_WARN_UNUSED_VARIABLE = YES;
				IPHONEOS_DEPLOYMENT_TARGET = 13.5;
				MTL_ENABLE_DEBUG_INFO = INCLUDE_SOURCE;
				MTL_FAST_MATH = YES;
				ONLY_ACTIVE_ARCH = YES;
				SDKROOT = iphoneos;
				SWIFT_ACTIVE_COMPILATION_CONDITIONS = DEBUG;
				SWIFT_OPTIMIZATION_LEVEL = "-Onone";
			};
			name = Debug;
		};
		15BBCBA3248C996A005AF0DA /* Release */ = {
			isa = XCBuildConfiguration;
			buildSettings = {
				ALWAYS_SEARCH_USER_PATHS = NO;
				CLANG_ANALYZER_NONNULL = YES;
				CLANG_ANALYZER_NUMBER_OBJECT_CONVERSION = YES_AGGRESSIVE;
				CLANG_CXX_LANGUAGE_STANDARD = "gnu++14";
				CLANG_CXX_LIBRARY = "libc++";
				CLANG_ENABLE_MODULES = YES;
				CLANG_ENABLE_OBJC_ARC = YES;
				CLANG_ENABLE_OBJC_WEAK = YES;
				CLANG_WARN_BLOCK_CAPTURE_AUTORELEASING = YES;
				CLANG_WARN_BOOL_CONVERSION = YES;
				CLANG_WARN_COMMA = YES;
				CLANG_WARN_CONSTANT_CONVERSION = YES;
				CLANG_WARN_DEPRECATED_OBJC_IMPLEMENTATIONS = YES;
				CLANG_WARN_DIRECT_OBJC_ISA_USAGE = YES_ERROR;
				CLANG_WARN_DOCUMENTATION_COMMENTS = YES;
				CLANG_WARN_EMPTY_BODY = YES;
				CLANG_WARN_ENUM_CONVERSION = YES;
				CLANG_WARN_INFINITE_RECURSION = YES;
				CLANG_WARN_INT_CONVERSION = YES;
				CLANG_WARN_NON_LITERAL_NULL_CONVERSION = YES;
				CLANG_WARN_OBJC_IMPLICIT_RETAIN_SELF = YES;
				CLANG_WARN_OBJC_LITERAL_CONVERSION = YES;
				CLANG_WARN_OBJC_ROOT_CLASS = YES_ERROR;
				CLANG_WARN_RANGE_LOOP_ANALYSIS = YES;
				CLANG_WARN_STRICT_PROTOTYPES = YES;
				CLANG_WARN_SUSPICIOUS_MOVE = YES;
				CLANG_WARN_UNGUARDED_AVAILABILITY = YES_AGGRESSIVE;
				CLANG_WARN_UNREACHABLE_CODE = YES;
				CLANG_WARN__DUPLICATE_METHOD_MATCH = YES;
				COPY_PHASE_STRIP = NO;
				DEBUG_INFORMATION_FORMAT = "dwarf-with-dsym";
				ENABLE_NS_ASSERTIONS = NO;
				ENABLE_STRICT_OBJC_MSGSEND = YES;
				GCC_C_LANGUAGE_STANDARD = gnu11;
				GCC_NO_COMMON_BLOCKS = YES;
				GCC_WARN_64_TO_32_BIT_CONVERSION = YES;
				GCC_WARN_ABOUT_RETURN_TYPE = YES_ERROR;
				GCC_WARN_UNDECLARED_SELECTOR = YES;
				GCC_WARN_UNINITIALIZED_AUTOS = YES_AGGRESSIVE;
				GCC_WARN_UNUSED_FUNCTION = YES;
				GCC_WARN_UNUSED_VARIABLE = YES;
				IPHONEOS_DEPLOYMENT_TARGET = 13.5;
				MTL_ENABLE_DEBUG_INFO = NO;
				MTL_FAST_MATH = YES;
				SDKROOT = iphoneos;
				SWIFT_COMPILATION_MODE = wholemodule;
				SWIFT_OPTIMIZATION_LEVEL = "-O";
				VALIDATE_PRODUCT = YES;
			};
			name = Release;
		};
		15BBCBA5248C996A005AF0DA /* Debug */ = {
			isa = XCBuildConfiguration;
			buildSettings = {
				ASSETCATALOG_COMPILER_APPICON_NAME = AppIcon;
				CODE_SIGN_STYLE = Automatic;
				DEVELOPMENT_TEAM = 473U5KT5S3;
				INFOPLIST_FILE = jXnet/Info.plist;
				IPHONEOS_DEPLOYMENT_TARGET = 10.0;
				LD_RUNPATH_SEARCH_PATHS = (
					"$(inherited)",
					"@executable_path/Frameworks",
				);
				PRODUCT_BUNDLE_IDENTIFIER = saryal.jXnet;
				PRODUCT_NAME = "$(TARGET_NAME)";
				SWIFT_VERSION = 5.0;
				TARGETED_DEVICE_FAMILY = "1,2";
			};
			name = Debug;
		};
		15BBCBA6248C996A005AF0DA /* Release */ = {
			isa = XCBuildConfiguration;
			buildSettings = {
				ASSETCATALOG_COMPILER_APPICON_NAME = AppIcon;
				CODE_SIGN_STYLE = Automatic;
				DEVELOPMENT_TEAM = 473U5KT5S3;
				INFOPLIST_FILE = jXnet/Info.plist;
				IPHONEOS_DEPLOYMENT_TARGET = 10.0;
				LD_RUNPATH_SEARCH_PATHS = (
					"$(inherited)",
					"@executable_path/Frameworks",
				);
				PRODUCT_BUNDLE_IDENTIFIER = saryal.jXnet;
				PRODUCT_NAME = "$(TARGET_NAME)";
				SWIFT_VERSION = 5.0;
				TARGETED_DEVICE_FAMILY = "1,2";
			};
			name = Release;
		};
/* End XCBuildConfiguration section */

/* Begin XCConfigurationList section */
		15BBCB88248C9969005AF0DA /* Build configuration list for PBXProject "jXnet" */ = {
			isa = XCConfigurationList;
			buildConfigurations = (
				15BBCBA2248C996A005AF0DA /* Debug */,
				15BBCBA3248C996A005AF0DA /* Release */,
			);
			defaultConfigurationIsVisible = 0;
			defaultConfigurationName = Release;
		};
		15BBCBA4248C996A005AF0DA /* Build configuration list for PBXNativeTarget "jXnet" */ = {
			isa = XCConfigurationList;
			buildConfigurations = (
				15BBCBA5248C996A005AF0DA /* Debug */,
				15BBCBA6248C996A005AF0DA /* Release */,
			);
			defaultConfigurationIsVisible = 0;
			defaultConfigurationName = Release;
		};
/* End XCConfigurationList section */

/* Begin XCVersionGroup section */
		15BBCB99248C9969005AF0DA /* jXnet.xcdatamodeld */ = {
			isa = XCVersionGroup;
			children = (
				15BBCB9A248C9969005AF0DA /* jXnet.xcdatamodel */,
			);
			currentVersion = 15BBCB9A248C9969005AF0DA /* jXnet.xcdatamodel */;
			path = jXnet.xcdatamodeld;
			sourceTree = "<group>";
			versionGroupType = wrapper.xcdatamodel;
		};
/* End XCVersionGroup section */
	};
	rootObject = 15BBCB85248C9969005AF0DA /* Project object */;
}
